PODS:
  - emoji_picker_flutter (0.0.1):
    - Flutter
  - Flutter (1.0.0)
  - flutter_secure_storage (6.0.0):
    - Flutter
  - MSAL (1.2.5):
    - MSAL/app-lib (= 1.2.5)
  - MSAL/app-lib (1.2.5)
  - msal_flutter (1.0.2):
    - Flutter
    - MSAL (~> 1.2.0)
  - permission_handler_apple (9.3.0):
    - Flutter
  - printing (1.0.0):
    - Flutter
  - record_darwin (1.0.0):
    - Flutter
  - share_plus (0.0.1):
    - Flutter

DEPENDENCIES:
  - emoji_picker_flutter (from `.symlinks/plugins/emoji_picker_flutter/ios`)
  - Flutter (from `Flutter`)
  - flutter_secure_storage (from `.symlinks/plugins/flutter_secure_storage/ios`)
  - msal_flutter (from `.symlinks/plugins/msal_flutter/ios`)
  - permission_handler_apple (from `.symlinks/plugins/permission_handler_apple/ios`)
  - printing (from `.symlinks/plugins/printing/ios`)
  - record_darwin (from `.symlinks/plugins/record_darwin/ios`)
  - share_plus (from `.symlinks/plugins/share_plus/ios`)

SPEC REPOS:
  trunk:
    - MSAL

EXTERNAL SOURCES:
  emoji_picker_flutter:
    :path: ".symlinks/plugins/emoji_picker_flutter/ios"
  Flutter:
    :path: Flutter
  flutter_secure_storage:
    :path: ".symlinks/plugins/flutter_secure_storage/ios"
  msal_flutter:
    :path: ".symlinks/plugins/msal_flutter/ios"
  permission_handler_apple:
    :path: ".symlinks/plugins/permission_handler_apple/ios"
  printing:
    :path: ".symlinks/plugins/printing/ios"
  record_darwin:
    :path: ".symlinks/plugins/record_darwin/ios"
  share_plus:
    :path: ".symlinks/plugins/share_plus/ios"

SPEC CHECKSUMS:
  emoji_picker_flutter: ed468d9746c21711e66b2788880519a9de5de211
  Flutter: 71a624a5bc0c04062bf19101d501e466baf2fb47
  flutter_secure_storage: 1ed9476fba7e7a782b22888f956cce43e2c62f13
  MSAL: 5149daaa19228c2c27d81987634da15b50981cef
  msal_flutter: c2d87b15d5176b31f495fb7ae632c56299dbdc96
  permission_handler_apple: 4ed2196e43d0651e8ff7ca3483a069d469701f2d
  printing: 54ff03f28fe9ba3aa93358afb80a8595a071dd07
  record_darwin: fb1f375f1d9603714f55b8708a903bbb91ffdb0a
  share_plus: de6030e33b4e106470e09322d87cf2a4258d2d1d

PODFILE CHECKSUM: 736a8be163b415a867951085a50ce0d0a14d9c19

COCOAPODS: 1.16.2
